
Microsoft Visual Studio Solution File, Format Version 12.00
# Visual Studio Version 17
VisualStudioVersion = 17.8.34330.188
MinimumVisualStudioVersion = 10.0.40219.1
Project("{FAE04EC0-301F-11D3-BF4B-00C04F79EFBC}") = "CustomerCRUDopr", "CustomerCRUDopr\CustomerCRUDopr.csproj", "{EC7B1495-1561-4E11-9B02-2EEBDA4ECD6B}"
EndProject
Global
	GlobalSection(SolutionConfigurationPlatforms) = preSolution
		Debug|Any CPU = Debug|Any CPU
		Release|Any CPU = Release|Any CPU
	EndGlobalSection
	GlobalSection(ProjectConfigurationPlatforms) = postSolution
		{EC7B1495-1561-4E11-9B02-2EEBDA4ECD6B}.Debug|Any CPU.ActiveCfg = Debug|Any CPU
		{EC7B1495-1561-4E11-9B02-2EEBDA4ECD6B}.Debug|Any CPU.Build.0 = Debug|Any CPU
		{EC7B1495-1561-4E11-9B02-2EEBDA4ECD6B}.Release|Any CPU.ActiveCfg = Release|Any CPU
		{EC7B1495-1561-4E11-9B02-2EEBDA4ECD6B}.Release|Any CPU.Build.0 = Release|Any CPU
	EndGlobalSection
	GlobalSection(SolutionProperties) = preSolution
		HideSolutionNode = FALSE
	EndGlobalSection
	GlobalSection(ExtensibilityGlobals) = postSolution
		SolutionGuid = {546870D2-31A5-4383-BE66-D96C555A6BE1}
	EndGlobalSection
EndGlobal
